
Microsoft Visual Studio Solution File, Format Version 12.00
# Visual Studio Version 16
VisualStudioVersion = 16.0.29215.179
MinimumVisualStudioVersion = 10.0.40219.1
Project("{9A19103F-16F7-4668-BE54-9A1E7A4F7556}") = "Leayal.WebPWrapper", "WebPWrapper\Leayal.WebPWrapper.csproj", "{26422BCA-41F9-49BF-8367-034F910065A9}"
EndProject
Project("{9A19103F-16F7-4668-BE54-9A1E7A4F7556}") = "WebPWrapper-WPF", "WebPWrapper-WPF\WebPWrapper-WPF.csproj", "{54AF866D-5300-415D-B2DB-34BA0BCD96EE}"
EndProject
Project("{9A19103F-16F7-4668-BE54-9A1E7A4F7556}") = "WebPWrapper-WinForm", "WebPWrapper-WinForm\WebPWrapper-WinForm.csproj", "{B29C976B-BD58-42D3-B956-B36E8B1C2181}"
EndProject
Project("{FAE04EC0-301F-11D3-BF4B-00C04F79EFBC}") = "WebPWrapper-xUnit", "WebPWrapper-xUnit\WebPWrapper-xUnit.csproj", "{5D3BEEAD-58D1-43AD-A1B5-2CF080F86F7C}"
EndProject
Global
	GlobalSection(SolutionConfigurationPlatforms) = preSolution
		Debug|Any CPU = Debug|Any CPU
		Release|Any CPU = Release|Any CPU
	EndGlobalSection
	GlobalSection(ProjectConfigurationPlatforms) = postSolution
		{26422BCA-41F9-49BF-8367-034F910065A9}.Debug|Any CPU.ActiveCfg = Debug|Any CPU
		{26422BCA-41F9-49BF-8367-034F910065A9}.Debug|Any CPU.Build.0 = Debug|Any CPU
		{26422BCA-41F9-49BF-8367-034F910065A9}.Release|Any CPU.ActiveCfg = Release|Any CPU
		{26422BCA-41F9-49BF-8367-034F910065A9}.Release|Any CPU.Build.0 = Release|Any CPU
		{54AF866D-5300-415D-B2DB-34BA0BCD96EE}.Debug|Any CPU.ActiveCfg = Debug|Any CPU
		{54AF866D-5300-415D-B2DB-34BA0BCD96EE}.Debug|Any CPU.Build.0 = Debug|Any CPU
		{54AF866D-5300-415D-B2DB-34BA0BCD96EE}.Release|Any CPU.ActiveCfg = Release|Any CPU
		{54AF866D-5300-415D-B2DB-34BA0BCD96EE}.Release|Any CPU.Build.0 = Release|Any CPU
		{B29C976B-BD58-42D3-B956-B36E8B1C2181}.Debug|Any CPU.ActiveCfg = Debug|Any CPU
		{B29C976B-BD58-42D3-B956-B36E8B1C2181}.Debug|Any CPU.Build.0 = Debug|Any CPU
		{B29C976B-BD58-42D3-B956-B36E8B1C2181}.Release|Any CPU.ActiveCfg = Release|Any CPU
		{B29C976B-BD58-42D3-B956-B36E8B1C2181}.Release|Any CPU.Build.0 = Release|Any CPU
		{5D3BEEAD-58D1-43AD-A1B5-2CF080F86F7C}.Debug|Any CPU.ActiveCfg = Debug|Any CPU
		{5D3BEEAD-58D1-43AD-A1B5-2CF080F86F7C}.Debug|Any CPU.Build.0 = Debug|Any CPU
		{5D3BEEAD-58D1-43AD-A1B5-2CF080F86F7C}.Release|Any CPU.ActiveCfg = Release|Any CPU
		{5D3BEEAD-58D1-43AD-A1B5-2CF080F86F7C}.Release|Any CPU.Build.0 = Release|Any CPU
	EndGlobalSection
	GlobalSection(SolutionProperties) = preSolution
		HideSolutionNode = FALSE
	EndGlobalSection
	GlobalSection(ExtensibilityGlobals) = postSolution
		SolutionGuid = {033B7D76-CA72-4108-A350-FEA8265F0CDD}
	EndGlobalSection
EndGlobal
